
Microsoft Visual Studio Solution File, Format Version 12.00
# Visual Studio 2012
Project("{FAE04EC0-301F-11D3-BF4B-00C04F79EFBC}") = "LibraryAppEmpty", "LibraryAppEmpty\LibraryAppEmpty.csproj", "{3A8CD364-807F-411E-9094-D916574657B8}"
EndProject
Project("{FAE04EC0-301F-11D3-BF4B-00C04F79EFBC}") = "LibraryAppEmpty.Tests", "LibraryAppEmpty.Tests\LibraryAppEmpty.Tests.csproj", "{5C8DAE83-A702-47E3-A601-27587BD60278}"
EndProject
Project("{FAE04EC0-301F-11D3-BF4B-00C04F79EFBC}") = "Library.Data", "Library.Data\Library.Data.csproj", "{AD6144C9-0BF4-4931-A078-A8C70BAD2E55}"
EndProject
Project("{FAE04EC0-301F-11D3-BF4B-00C04F79EFBC}") = "Library.Service", "Library.Service\Library.Service.csproj", "{25739BAF-19B9-486E-9F83-936CE937D03E}"
EndProject
Project("{2150E333-8FDC-42A3-9474-1A3956D46DE8}") = ".nuget", ".nuget", "{5D73CA8C-2845-4E69-A1F6-E3F8EFF2DD5F}"
	ProjectSection(SolutionItems) = preProject
		.nuget\NuGet.Config = .nuget\NuGet.Config
		.nuget\NuGet.exe = .nuget\NuGet.exe
		.nuget\NuGet.targets = .nuget\NuGet.targets
	EndProjectSection
EndProject
Project("{FAE04EC0-301F-11D3-BF4B-00C04F79EFBC}") = "Library.Domain", "Library.Domain\Library.Domain.csproj", "{D4640C30-E37D-49AC-BF32-0C252FB10063}"
EndProject
Global
	GlobalSection(SolutionConfigurationPlatforms) = preSolution
		Debug|Any CPU = Debug|Any CPU
		Release|Any CPU = Release|Any CPU
	EndGlobalSection
	GlobalSection(ProjectConfigurationPlatforms) = postSolution
		{3A8CD364-807F-411E-9094-D916574657B8}.Debug|Any CPU.ActiveCfg = Debug|Any CPU
		{3A8CD364-807F-411E-9094-D916574657B8}.Debug|Any CPU.Build.0 = Debug|Any CPU
		{3A8CD364-807F-411E-9094-D916574657B8}.Release|Any CPU.ActiveCfg = Release|Any CPU
		{3A8CD364-807F-411E-9094-D916574657B8}.Release|Any CPU.Build.0 = Release|Any CPU
		{5C8DAE83-A702-47E3-A601-27587BD60278}.Debug|Any CPU.ActiveCfg = Debug|Any CPU
		{5C8DAE83-A702-47E3-A601-27587BD60278}.Debug|Any CPU.Build.0 = Debug|Any CPU
		{5C8DAE83-A702-47E3-A601-27587BD60278}.Release|Any CPU.ActiveCfg = Release|Any CPU
		{5C8DAE83-A702-47E3-A601-27587BD60278}.Release|Any CPU.Build.0 = Release|Any CPU
		{AD6144C9-0BF4-4931-A078-A8C70BAD2E55}.Debug|Any CPU.ActiveCfg = Debug|Any CPU
		{AD6144C9-0BF4-4931-A078-A8C70BAD2E55}.Debug|Any CPU.Build.0 = Debug|Any CPU
		{AD6144C9-0BF4-4931-A078-A8C70BAD2E55}.Release|Any CPU.ActiveCfg = Release|Any CPU
		{AD6144C9-0BF4-4931-A078-A8C70BAD2E55}.Release|Any CPU.Build.0 = Release|Any CPU
		{25739BAF-19B9-486E-9F83-936CE937D03E}.Debug|Any CPU.ActiveCfg = Debug|Any CPU
		{25739BAF-19B9-486E-9F83-936CE937D03E}.Debug|Any CPU.Build.0 = Debug|Any CPU
		{25739BAF-19B9-486E-9F83-936CE937D03E}.Release|Any CPU.ActiveCfg = Release|Any CPU
		{25739BAF-19B9-486E-9F83-936CE937D03E}.Release|Any CPU.Build.0 = Release|Any CPU
		{D4640C30-E37D-49AC-BF32-0C252FB10063}.Debug|Any CPU.ActiveCfg = Debug|Any CPU
		{D4640C30-E37D-49AC-BF32-0C252FB10063}.Debug|Any CPU.Build.0 = Debug|Any CPU
		{D4640C30-E37D-49AC-BF32-0C252FB10063}.Release|Any CPU.ActiveCfg = Release|Any CPU
		{D4640C30-E37D-49AC-BF32-0C252FB10063}.Release|Any CPU.Build.0 = Release|Any CPU
	EndGlobalSection
	GlobalSection(SolutionProperties) = preSolution
		HideSolutionNode = FALSE
	EndGlobalSection
EndGlobal
